{
  "version": 4,
  "terraform_version": "0.12.9",
  "serial": 27,
  "lineage": "c9af00c1-9349-a64f-6b76-78e50766ca99",
  "outputs": {},
  "resources": [
    {
      "mode": "managed",
      "type": "google_compute_instance",
      "name": "mannycompute1",
      "provider": "provider.google",
      "instances": [
        {
          "schema_version": 6,
          "attributes": {
            "allow_stopping_for_update": null,
            "attached_disk": [],
            "boot_disk": [
              {
                "auto_delete": true,
                "device_name": "persistent-disk-0",
                "disk_encryption_key_raw": "",
                "disk_encryption_key_sha256": "",
                "initialize_params": [
                  {
                    "image": "https://www.googleapis.com/compute/v1/projects/ubuntu-os-cloud/global/images/ubuntu-minimal-1804-bionic-v20210223",
                    "labels": {},
                    "size": 10,
                    "type": "pd-standard"
                  }
                ],
                "kms_key_self_link": "",
                "mode": "READ_WRITE",
                "source": "https://www.googleapis.com/compute/v1/projects/crafty-plateau-305800/zones/us-east1-b/disks/cloudafterdarkwebserver2021"
              }
            ],
            "can_ip_forward": false,
            "confidential_instance_config": [],
            "cpu_platform": "Intel Haswell",
            "current_status": "RUNNING",
            "deletion_protection": false,
            "description": "",
            "desired_status": null,
            "enable_display": false,
            "guest_accelerator": [],
            "hostname": "",
            "id": "projects/crafty-plateau-305800/zones/us-east1-b/instances/cloudafterdarkwebserver2021",
            "instance_id": "2059036612287014518",
            "label_fingerprint": "42WmSpB8rSM=",
            "labels": null,
            "machine_type": "e2-micro",
            "metadata": null,
            "metadata_fingerprint": "cRi8hBZ8Nvc=",
            "metadata_startup_script": "",
            "min_cpu_platform": "",
            "name": "cloudafterdarkwebserver2021",
            "network_interface": [
              {
                "access_config": [
                  {
                    "nat_ip": "34.75.115.236",
                    "network_tier": "PREMIUM",
                    "public_ptr_domain_name": ""
                  }
                ],
                "alias_ip_range": [],
                "name": "nic0",
                "network": "https://www.googleapis.com/compute/v1/projects/crafty-plateau-305800/global/networks/default",
                "network_ip": "10.142.0.16",
                "subnetwork": "https://www.googleapis.com/compute/v1/projects/crafty-plateau-305800/regions/us-east1/subnetworks/default",
                "subnetwork_project": "crafty-plateau-305800"
              }
            ],
            "project": "crafty-plateau-305800",
            "resource_policies": null,
            "scheduling": [
              {
                "automatic_restart": true,
                "node_affinities": [],
                "on_host_maintenance": "MIGRATE",
                "preemptible": false
              }
            ],
            "scratch_disk": [],
            "self_link": "https://www.googleapis.com/compute/v1/projects/crafty-plateau-305800/zones/us-east1-b/instances/cloudafterdarkwebserver2021",
            "service_account": [],
            "shielded_instance_config": [
              {
                "enable_integrity_monitoring": true,
                "enable_secure_boot": false,
                "enable_vtpm": true
              }
            ],
            "tags": null,
            "tags_fingerprint": "42WmSpB8rSM=",
            "timeouts": null,
            "zone": "us-east1-b"
          },
          "private": "eyJlMmJmYjczMC1lY2FhLTExZTYtOGY4OC0zNDM2M2JjN2M0YzAiOnsiY3JlYXRlIjoxMjAwMDAwMDAwMDAwLCJkZWxldGUiOjEyMDAwMDAwMDAwMDAsInVwZGF0ZSI6MTIwMDAwMDAwMDAwMH0sInNjaGVtYV92ZXJzaW9uIjoiNiJ9"
        }
      ]
    },
    {
      "mode": "managed",
      "type": "google_compute_instance",
      "name": "mannycompute2",
      "provider": "provider.google",
      "instances": [
        {
          "schema_version": 6,
          "attributes": {
            "allow_stopping_for_update": null,
            "attached_disk": [],
            "boot_disk": [
              {
                "auto_delete": true,
                "device_name": "persistent-disk-0",
                "disk_encryption_key_raw": "",
                "disk_encryption_key_sha256": "",
                "initialize_params": [
                  {
                    "image": "https://www.googleapis.com/compute/v1/projects/ubuntu-os-cloud/global/images/ubuntu-minimal-1804-bionic-v20210223",
                    "labels": {},
                    "size": 10,
                    "type": "pd-standard"
                  }
                ],
                "kms_key_self_link": "",
                "mode": "READ_WRITE",
                "source": "https://www.googleapis.com/compute/v1/projects/crafty-plateau-305800/zones/us-east1-b/disks/cloudafterdarkwebserver2022"
              }
            ],
            "can_ip_forward": false,
            "confidential_instance_config": [],
            "cpu_platform": "Intel Haswell",
            "current_status": "RUNNING",
            "deletion_protection": false,
            "description": "",
            "desired_status": null,
            "enable_display": false,
            "guest_accelerator": [],
            "hostname": "",
            "id": "projects/crafty-plateau-305800/zones/us-east1-b/instances/cloudafterdarkwebserver2022",
            "instance_id": "2467754560691906166",
            "label_fingerprint": "42WmSpB8rSM=",
            "labels": null,
            "machine_type": "e2-micro",
            "metadata": null,
            "metadata_fingerprint": "cRi8hBZ8Nvc=",
            "metadata_startup_script": "",
            "min_cpu_platform": "",
            "name": "cloudafterdarkwebserver2022",
            "network_interface": [
              {
                "access_config": [
                  {
                    "nat_ip": "34.75.103.13",
                    "network_tier": "PREMIUM",
                    "public_ptr_domain_name": ""
                  }
                ],
                "alias_ip_range": [],
                "name": "nic0",
                "network": "https://www.googleapis.com/compute/v1/projects/crafty-plateau-305800/global/networks/default",
                "network_ip": "10.142.0.17",
                "subnetwork": "https://www.googleapis.com/compute/v1/projects/crafty-plateau-305800/regions/us-east1/subnetworks/default",
                "subnetwork_project": "crafty-plateau-305800"
              }
            ],
            "project": "crafty-plateau-305800",
            "resource_policies": null,
            "scheduling": [
              {
                "automatic_restart": true,
                "node_affinities": [],
                "on_host_maintenance": "MIGRATE",
                "preemptible": false
              }
            ],
            "scratch_disk": [],
            "self_link": "https://www.googleapis.com/compute/v1/projects/crafty-plateau-305800/zones/us-east1-b/instances/cloudafterdarkwebserver2022",
            "service_account": [],
            "shielded_instance_config": [
              {
                "enable_integrity_monitoring": true,
                "enable_secure_boot": false,
                "enable_vtpm": true
              }
            ],
            "tags": null,
            "tags_fingerprint": "42WmSpB8rSM=",
            "timeouts": null,
            "zone": "us-east1-b"
          },
          "private": "eyJlMmJmYjczMC1lY2FhLTExZTYtOGY4OC0zNDM2M2JjN2M0YzAiOnsiY3JlYXRlIjoxMjAwMDAwMDAwMDAwLCJkZWxldGUiOjEyMDAwMDAwMDAwMDAsInVwZGF0ZSI6MTIwMDAwMDAwMDAwMH0sInNjaGVtYV92ZXJzaW9uIjoiNiJ9"
        }
      ]
    },
    {
      "mode": "managed",
      "type": "google_compute_instance_group",
      "name": "ig",
      "provider": "provider.google",
      "instances": [
        {
          "schema_version": 2,
          "attributes": {
            "description": "Cloud after dark instance group",
            "id": "projects/crafty-plateau-305800/zones/us-east1-b/instanceGroups/cloudafterdarkinstancegroup",
            "instances": [
              "projects/crafty-plateau-305800/zones/us-east1-b/instances/cloudafterdarkwebserver2021",
              "projects/crafty-plateau-305800/zones/us-east1-b/instances/cloudafterdarkwebserver2022"
            ],
            "name": "cloudafterdarkinstancegroup",
            "named_port": [
              {
                "name": "http",
                "port": 80
              },
              {
                "name": "https",
                "port": 443
              }
            ],
            "network": "https://www.googleapis.com/compute/v1/projects/crafty-plateau-305800/global/networks/default",
            "project": "crafty-plateau-305800",
            "self_link": "https://www.googleapis.com/compute/v1/projects/crafty-plateau-305800/zones/us-east1-b/instanceGroups/cloudafterdarkinstancegroup",
            "size": 2,
            "timeouts": null,
            "zone": "us-east1-b"
          },
          "private": "eyJlMmJmYjczMC1lY2FhLTExZTYtOGY4OC0zNDM2M2JjN2M0YzAiOnsiY3JlYXRlIjozNjAwMDAwMDAwMDAsImRlbGV0ZSI6MzYwMDAwMDAwMDAwLCJ1cGRhdGUiOjM2MDAwMDAwMDAwMH0sInNjaGVtYV92ZXJzaW9uIjoiMiJ9",
          "depends_on": [
            "google_compute_instance.mannycompute1",
            "google_compute_instance.mannycompute2"
          ]
        }
      ]
    }
  ]
}
